// !$*UTF8*$!
{
	archiveVersion = 1;
	classes = {
	};
	objectVersion = 51;
	objects = {

/* Begin PBXBuildFile section */
		494E6BFA25D3CDD3009DE264 /* AppDelegate.swift in Sources */ = {isa = PBXBuildFile; fileRef = 494E6BF925D3CDD3009DE264 /* AppDelegate.swift */; };
		494E6BFC25D3CDD3009DE264 /* SceneDelegate.swift in Sources */ = {isa = PBXBuildFile; fileRef = 494E6BFB25D3CDD3009DE264 /* SceneDelegate.swift */; };
		494E6BFE25D3CDD3009DE264 /* ViewController.swift in Sources */ = {isa = PBXBuildFile; fileRef = 494E6BFD25D3CDD3009DE264 /* ViewController.swift */; };
		494E6C0125D3CDD3009DE264 /* Main.storyboard in Resources */ = {isa = PBXBuildFile; fileRef = 494E6BFF25D3CDD3009DE264 /* Main.storyboard */; };
		494E6C0325D3CDD4009DE264 /* Assets.xcassets in Resources */ = {isa = PBXBuildFile; fileRef = 494E6C0225D3CDD4009DE264 /* Assets.xcassets */; };
		494E6C0625D3CDD4009DE264 /* LaunchScreen.storyboard in Resources */ = {isa = PBXBuildFile; fileRef = 494E6C0425D3CDD4009DE264 /* LaunchScreen.storyboard */; };
		499BF60C25D3CE65006E3B78 /* koreaMap.png in Resources */ = {isa = PBXBuildFile; fileRef = 499BF60B25D3CE65006E3B78 /* koreaMap.png */; };
		499BF60F25D3D0D8006E3B78 /* CrawlModel.swift in Sources */ = {isa = PBXBuildFile; fileRef = 499BF60E25D3D0D8006E3B78 /* CrawlModel.swift */; };
		5B0AEB3A6517FE53D51BA80F /* Pods_Kanna_05_Corona.framework in Frameworks */ = {isa = PBXBuildFile; fileRef = F3B306497E90FD481E20DDA1 /* Pods_Kanna_05_Corona.framework */; };
/* End PBXBuildFile section */

/* Begin PBXFileReference section */
		494E6BF625D3CDD2009DE264 /* Kanna_05_Corona.app */ = {isa = PBXFileReference; explicitFileType = wrapper.application; includeInIndex = 0; path = Kanna_05_Corona.app; sourceTree = BUILT_PRODUCTS_DIR; };
		494E6BF925D3CDD3009DE264 /* AppDelegate.swift */ = {isa = PBXFileReference; lastKnownFileType = sourcecode.swift; path = AppDelegate.swift; sourceTree = "<group>"; };
		494E6BFB25D3CDD3009DE264 /* SceneDelegate.swift */ = {isa = PBXFileReference; lastKnownFileType = sourcecode.swift; path = SceneDelegate.swift; sourceTree = "<group>"; };
		494E6BFD25D3CDD3009DE264 /* ViewController.swift */ = {isa = PBXFileReference; lastKnownFileType = sourcecode.swift; path = ViewController.swift; sourceTree = "<group>"; };
		494E6C0025D3CDD3009DE264 /* Base */ = {isa = PBXFileReference; lastKnownFileType = file.storyboard; name = Base; path = Base.lproj/Main.storyboard; sourceTree = "<group>"; };
		494E6C0225D3CDD4009DE264 /* Assets.xcassets */ = {isa = PBXFileReference; lastKnownFileType = folder.assetcatalog; path = Assets.xcassets; sourceTree = "<group>"; };
		494E6C0525D3CDD4009DE264 /* Base */ = {isa = PBXFileReference; lastKnownFileType = file.storyboard; name = Base; path = Base.lproj/LaunchScreen.storyboard; sourceTree = "<group>"; };
		494E6C0725D3CDD4009DE264 /* Info.plist */ = {isa = PBXFileReference; lastKnownFileType = text.plist.xml; path = Info.plist; sourceTree = "<group>"; };
		499BF60B25D3CE65006E3B78 /* koreaMap.png */ = {isa = PBXFileReference; lastKnownFileType = image.png; path = koreaMap.png; sourceTree = "<group>"; };
		499BF60E25D3D0D8006E3B78 /* CrawlModel.swift */ = {isa = PBXFileReference; lastKnownFileType = sourcecode.swift; path = CrawlModel.swift; sourceTree = "<group>"; };
		53424113AEFA8CF73568DBCE /* Pods-Kanna_05_Corona.debug.xcconfig */ = {isa = PBXFileReference; includeInIndex = 1; lastKnownFileType = text.xcconfig; name = "Pods-Kanna_05_Corona.debug.xcconfig"; path = "Target Support Files/Pods-Kanna_05_Corona/Pods-Kanna_05_Corona.debug.xcconfig"; sourceTree = "<group>"; };
		F3B306497E90FD481E20DDA1 /* Pods_Kanna_05_Corona.framework */ = {isa = PBXFileReference; explicitFileType = wrapper.framework; includeInIndex = 0; path = Pods_Kanna_05_Corona.framework; sourceTree = BUILT_PRODUCTS_DIR; };
		FF3C65214D07CEBD7196E084 /* Pods-Kanna_05_Corona.release.xcconfig */ = {isa = PBXFileReference; includeInIndex = 1; lastKnownFileType = text.xcconfig; name = "Pods-Kanna_05_Corona.release.xcconfig"; path = "Target Support Files/Pods-Kanna_05_Corona/Pods-Kanna_05_Corona.release.xcconfig"; sourceTree = "<group>"; };
/* End PBXFileReference section */

/* Begin PBXFrameworksBuildPhase section */
		494E6BF325D3CDD2009DE264 /* Frameworks */ = {
			isa = PBXFrameworksBuildPhase;
			buildActionMask = 2147483647;
			files = (
				5B0AEB3A6517FE53D51BA80F /* Pods_Kanna_05_Corona.framework in Frameworks */,
			);
			runOnlyForDeploymentPostprocessing = 0;
		};
/* End PBXFrameworksBuildPhase section */

/* Begin PBXGroup section */
		494E6BED25D3CDD2009DE264 = {
			isa = PBXGroup;
			children = (
				494E6BF825D3CDD3009DE264 /* Kanna_05_Corona */,
				494E6BF725D3CDD2009DE264 /* Products */,
				E9B8C918AEC19AF4231E9D6C /* Pods */,
				BAC4531CD4F6C3D4DA134BD3 /* Frameworks */,
			);
			sourceTree = "<group>";
		};
		494E6BF725D3CDD2009DE264 /* Products */ = {
			isa = PBXGroup;
			children = (
				494E6BF625D3CDD2009DE264 /* Kanna_05_Corona.app */,
			);
			name = Products;
			sourceTree = "<group>";
		};
		494E6BF825D3CDD3009DE264 /* Kanna_05_Corona */ = {
			isa = PBXGroup;
			children = (
				499BF60A25D3CE58006E3B78 /* Images */,
				494E6BF925D3CDD3009DE264 /* AppDelegate.swift */,
				494E6BFB25D3CDD3009DE264 /* SceneDelegate.swift */,
				494E6BFD25D3CDD3009DE264 /* ViewController.swift */,
				499BF60E25D3D0D8006E3B78 /* CrawlModel.swift */,
				494E6BFF25D3CDD3009DE264 /* Main.storyboard */,
				494E6C0225D3CDD4009DE264 /* Assets.xcassets */,
				494E6C0425D3CDD4009DE264 /* LaunchScreen.storyboard */,
				494E6C0725D3CDD4009DE264 /* Info.plist */,
			);
			path = Kanna_05_Corona;
			sourceTree = "<group>";
		};
		499BF60A25D3CE58006E3B78 /* Images */ = {
			isa = PBXGroup;
			children = (
				499BF60B25D3CE65006E3B78 /* koreaMap.png */,
			);
			path = Images;
			sourceTree = "<group>";
		};
		BAC4531CD4F6C3D4DA134BD3 /* Frameworks */ = {
			isa = PBXGroup;
			children = (
				F3B306497E90FD481E20DDA1 /* Pods_Kanna_05_Corona.framework */,
			);
			name = Frameworks;
			sourceTree = "<group>";
		};
		E9B8C918AEC19AF4231E9D6C /* Pods */ = {
			isa = PBXGroup;
			children = (
				53424113AEFA8CF73568DBCE /* Pods-Kanna_05_Corona.debug.xcconfig */,
				FF3C65214D07CEBD7196E084 /* Pods-Kanna_05_Corona.release.xcconfig */,
			);
			path = Pods;
			sourceTree = "<group>";
		};
/* End PBXGroup section */

/* Begin PBXNativeTarget section */
		494E6BF525D3CDD2009DE264 /* Kanna_05_Corona */ = {
			isa = PBXNativeTarget;
			buildConfigurationList = 494E6C0A25D3CDD4009DE264 /* Build configuration list for PBXNativeTarget "Kanna_05_Corona" */;
			buildPhases = (
				85F776B4F512112399CB669E /* [CP] Check Pods Manifest.lock */,
				494E6BF225D3CDD2009DE264 /* Sources */,
				494E6BF325D3CDD2009DE264 /* Frameworks */,
				494E6BF425D3CDD2009DE264 /* Resources */,
				1A11F328116B3E73C37ED2D1 /* [CP] Embed Pods Frameworks */,
			);
			buildRules = (
			);
			dependencies = (
			);
			name = Kanna_05_Corona;
			productName = Kanna_05_Corona;
			productReference = 494E6BF625D3CDD2009DE264 /* Kanna_05_Corona.app */;
			productType = "com.apple.product-type.application";
		};
/* End PBXNativeTarget section */

/* Begin PBXProject section */
		494E6BEE25D3CDD2009DE264 /* Project object */ = {
			isa = PBXProject;
			attributes = {
				LastSwiftUpdateCheck = 1240;
				LastUpgradeCheck = 1240;
				TargetAttributes = {
					494E6BF525D3CDD2009DE264 = {
						CreatedOnToolsVersion = 12.4;
					};
				};
			};
			buildConfigurationList = 494E6BF125D3CDD2009DE264 /* Build configuration list for PBXProject "Kanna_05_Corona" */;
			compatibilityVersion = "Xcode 9.3";
			developmentRegion = en;
			hasScannedForEncodings = 0;
			knownRegions = (
				en,
				Base,
			);
			mainGroup = 494E6BED25D3CDD2009DE264;
			productRefGroup = 494E6BF725D3CDD2009DE264 /* Products */;
			projectDirPath = "";
			projectRoot = "";
			targets = (
				494E6BF525D3CDD2009DE264 /* Kanna_05_Corona */,
			);
		};
/* End PBXProject section */

/* Begin PBXResourcesBuildPhase section */
		494E6BF425D3CDD2009DE264 /* Resources */ = {
			isa = PBXResourcesBuildPhase;
			buildActionMask = 2147483647;
			files = (
				494E6C0625D3CDD4009DE264 /* LaunchScreen.storyboard in Resources */,
				494E6C0325D3CDD4009DE264 /* Assets.xcassets in Resources */,
				494E6C0125D3CDD3009DE264 /* Main.storyboard in Resources */,
				499BF60C25D3CE65006E3B78 /* koreaMap.png in Resources */,
			);
			runOnlyForDeploymentPostprocessing = 0;
		};
/* End PBXResourcesBuildPhase section */

/* Begin PBXShellScriptBuildPhase section */
		1A11F328116B3E73C37ED2D1 /* [CP] Embed Pods Frameworks */ = {
			isa = PBXShellScriptBuildPhase;
			buildActionMask = 2147483647;
			files = (
			);
			inputFileListPaths = (
				"${PODS_ROOT}/Target Support Files/Pods-Kanna_05_Corona/Pods-Kanna_05_Corona-frameworks-${CONFIGURATION}-input-files.xcfilelist",
			);
			name = "[CP] Embed Pods Frameworks";
			outputFileListPaths = (
				"${PODS_ROOT}/Target Support Files/Pods-Kanna_05_Corona/Pods-Kanna_05_Corona-frameworks-${CONFIGURATION}-output-files.xcfilelist",
			);
			runOnlyForDeploymentPostprocessing = 0;
			shellPath = /bin/sh;
			shellScript = "\"${PODS_ROOT}/Target Support Files/Pods-Kanna_05_Corona/Pods-Kanna_05_Corona-frameworks.sh\"\n";
			showEnvVarsInLog = 0;
		};
		85F776B4F512112399CB669E /* [CP] Check Pods Manifest.lock */ = {
			isa = PBXShellScriptBuildPhase;
			buildActionMask = 2147483647;
			files = (
			);
			inputFileListPaths = (
			);
			inputPaths = (
				"${PODS_PODFILE_DIR_PATH}/Podfile.lock",
				"${PODS_ROOT}/Manifest.lock",
			);
			name = "[CP] Check Pods Manifest.lock";
			outputFileListPaths = (
			);
			outputPaths = (
				"$(DERIVED_FILE_DIR)/Pods-Kanna_05_Corona-checkManifestLockResult.txt",
			);
			runOnlyForDeploymentPostprocessing = 0;
			shellPath = /bin/sh;
			shellScript = "diff \"${PODS_PODFILE_DIR_PATH}/Podfile.lock\" \"${PODS_ROOT}/Manifest.lock\" > /dev/null\nif [ $? != 0 ] ; then\n    # print error to STDERR\n    echo \"error: The sandbox is not in sync with the Podfile.lock. Run 'pod install' or update your CocoaPods installation.\" >&2\n    exit 1\nfi\n# This output is used by Xcode 'outputs' to avoid re-running this script phase.\necho \"SUCCESS\" > \"${SCRIPT_OUTPUT_FILE_0}\"\n";
			showEnvVarsInLog = 0;
		};
/* End PBXShellScriptBuildPhase section */

/* Begin PBXSourcesBuildPhase section */
		494E6BF225D3CDD2009DE264 /* Sources */ = {
			isa = PBXSourcesBuildPhase;
			buildActionMask = 2147483647;
			files = (
				494E6BFE25D3CDD3009DE264 /* ViewController.swift in Sources */,
				499BF60F25D3D0D8006E3B78 /* CrawlModel.swift in Sources */,
				494E6BFA25D3CDD3009DE264 /* AppDelegate.swift in Sources */,
				494E6BFC25D3CDD3009DE264 /* SceneDelegate.swift in Sources */,
			);
			runOnlyForDeploymentPostprocessing = 0;
		};
/* End PBXSourcesBuildPhase section */

/* Begin PBXVariantGroup section */
		494E6BFF25D3CDD3009DE264 /* Main.storyboard */ = {
			isa = PBXVariantGroup;
			children = (
				494E6C0025D3CDD3009DE264 /* Base */,
			);
			name = Main.storyboard;
			sourceTree = "<group>";
		};
		494E6C0425D3CDD4009DE264 /* LaunchScreen.storyboard */ = {
			isa = PBXVariantGroup;
			children = (
				494E6C0525D3CDD4009DE264 /* Base */,
			);
			name = LaunchScreen.storyboard;
			sourceTree = "<group>";
		};
/* End PBXVariantGroup section */

/* Begin XCBuildConfiguration section */
		494E6C0825D3CDD4009DE264 /* Debug */ = {
			isa = XCBuildConfiguration;
			buildSettings = {
				ALWAYS_SEARCH_USER_PATHS = NO;
				CLANG_ANALYZER_NONNULL = YES;
				CLANG_ANALYZER_NUMBER_OBJECT_CONVERSION = YES_AGGRESSIVE;
				CLANG_CXX_LANGUAGE_STANDARD = "gnu++14";
				CLANG_CXX_LIBRARY = "libc++";
				CLANG_ENABLE_MODULES = YES;
				CLANG_ENABLE_OBJC_ARC = YES;
				CLANG_ENABLE_OBJC_WEAK = YES;
				CLANG_WARN_BLOCK_CAPTURE_AUTORELEASING = YES;
				CLANG_WARN_BOOL_CONVERSION = YES;
				CLANG_WARN_COMMA = YES;
				CLANG_WARN_CONSTANT_CONVERSION = YES;
				CLANG_WARN_DEPRECATED_OBJC_IMPLEMENTATIONS = YES;
				CLANG_WARN_DIRECT_OBJC_ISA_USAGE = YES_ERROR;
				CLANG_WARN_DOCUMENTATION_COMMENTS = YES;
				CLANG_WARN_EMPTY_BODY = YES;
				CLANG_WARN_ENUM_CONVERSION = YES;
				CLANG_WARN_INFINITE_RECURSION = YES;
				CLANG_WARN_INT_CONVERSION = YES;
				CLANG_WARN_NON_LITERAL_NULL_CONVERSION = YES;
				CLANG_WARN_OBJC_IMPLICIT_RETAIN_SELF = YES;
				CLANG_WARN_OBJC_LITERAL_CONVERSION = YES;
				CLANG_WARN_OBJC_ROOT_CLASS = YES_ERROR;
				CLANG_WARN_QUOTED_INCLUDE_IN_FRAMEWORK_HEADER = YES;
				CLANG_WARN_RANGE_LOOP_ANALYSIS = YES;
				CLANG_WARN_STRICT_PROTOTYPES = YES;
				CLANG_WARN_SUSPICIOUS_MOVE = YES;
				CLANG_WARN_UNGUARDED_AVAILABILITY = YES_AGGRESSIVE;
				CLANG_WARN_UNREACHABLE_CODE = YES;
				CLANG_WARN__DUPLICATE_METHOD_MATCH = YES;
				COPY_PHASE_STRIP = NO;
				DEBUG_INFORMATION_FORMAT = dwarf;
				ENABLE_STRICT_OBJC_MSGSEND = YES;
				ENABLE_TESTABILITY = YES;
				GCC_C_LANGUAGE_STANDARD = gnu11;
				GCC_DYNAMIC_NO_PIC = NO;
				GCC_NO_COMMON_BLOCKS = YES;
				GCC_OPTIMIZATION_LEVEL = 0;
				GCC_PREPROCESSOR_DEFINITIONS = (
					"DEBUG=1",
					"$(inherited)",
				);
				GCC_WARN_64_TO_32_BIT_CONVERSION = YES;
				GCC_WARN_ABOUT_RETURN_TYPE = YES_ERROR;
				GCC_WARN_UNDECLARED_SELECTOR = YES;
				GCC_WARN_UNINITIALIZED_AUTOS = YES_AGGRESSIVE;
				GCC_WARN_UNUSED_FUNCTION = YES;
				GCC_WARN_UNUSED_VARIABLE = YES;
				IPHONEOS_DEPLOYMENT_TARGET = 14.4;
				MTL_ENABLE_DEBUG_INFO = INCLUDE_SOURCE;
				MTL_FAST_MATH = YES;
				ONLY_ACTIVE_ARCH = YES;
				SDKROOT = iphoneos;
				SWIFT_ACTIVE_COMPILATION_CONDITIONS = DEBUG;
				SWIFT_OPTIMIZATION_LEVEL = "-Onone";
			};
			name = Debug;
		};
		494E6C0925D3CDD4009DE264 /* Release */ = {
			isa = XCBuildConfiguration;
			buildSettings = {
				ALWAYS_SEARCH_USER_PATHS = NO;
				CLANG_ANALYZER_NONNULL = YES;
				CLANG_ANALYZER_NUMBER_OBJECT_CONVERSION = YES_AGGRESSIVE;
				CLANG_CXX_LANGUAGE_STANDARD = "gnu++14";
				CLANG_CXX_LIBRARY = "libc++";
				CLANG_ENABLE_MODULES = YES;
				CLANG_ENABLE_OBJC_ARC = YES;
				CLANG_ENABLE_OBJC_WEAK = YES;
				CLANG_WARN_BLOCK_CAPTURE_AUTORELEASING = YES;
				CLANG_WARN_BOOL_CONVERSION = YES;
				CLANG_WARN_COMMA = YES;
				CLANG_WARN_CONSTANT_CONVERSION = YES;
				CLANG_WARN_DEPRECATED_OBJC_IMPLEMENTATIONS = YES;
				CLANG_WARN_DIRECT_OBJC_ISA_USAGE = YES_ERROR;
				CLANG_WARN_DOCUMENTATION_COMMENTS = YES;
				CLANG_WARN_EMPTY_BODY = YES;
				CLANG_WARN_ENUM_CONVERSION = YES;
				CLANG_WARN_INFINITE_RECURSION = YES;
				CLANG_WARN_INT_CONVERSION = YES;
				CLANG_WARN_NON_LITERAL_NULL_CONVERSION = YES;
				CLANG_WARN_OBJC_IMPLICIT_RETAIN_SELF = YES;
				CLANG_WARN_OBJC_LITERAL_CONVERSION = YES;
				CLANG_WARN_OBJC_ROOT_CLASS = YES_ERROR;
				CLANG_WARN_QUOTED_INCLUDE_IN_FRAMEWORK_HEADER = YES;
				CLANG_WARN_RANGE_LOOP_ANALYSIS = YES;
				CLANG_WARN_STRICT_PROTOTYPES = YES;
				CLANG_WARN_SUSPICIOUS_MOVE = YES;
				CLANG_WARN_UNGUARDED_AVAILABILITY = YES_AGGRESSIVE;
				CLANG_WARN_UNREACHABLE_CODE = YES;
				CLANG_WARN__DUPLICATE_METHOD_MATCH = YES;
				COPY_PHASE_STRIP = NO;
				DEBUG_INFORMATION_FORMAT = "dwarf-with-dsym";
				ENABLE_NS_ASSERTIONS = NO;
				ENABLE_STRICT_OBJC_MSGSEND = YES;
				GCC_C_LANGUAGE_STANDARD = gnu11;
				GCC_NO_COMMON_BLOCKS = YES;
				GCC_WARN_64_TO_32_BIT_CONVERSION = YES;
				GCC_WARN_ABOUT_RETURN_TYPE = YES_ERROR;
				GCC_WARN_UNDECLARED_SELECTOR = YES;
				GCC_WARN_UNINITIALIZED_AUTOS = YES_AGGRESSIVE;
				GCC_WARN_UNUSED_FUNCTION = YES;
				GCC_WARN_UNUSED_VARIABLE = YES;
				IPHONEOS_DEPLOYMENT_TARGET = 14.4;
				MTL_ENABLE_DEBUG_INFO = NO;
				MTL_FAST_MATH = YES;
				SDKROOT = iphoneos;
				SWIFT_COMPILATION_MODE = wholemodule;
				SWIFT_OPTIMIZATION_LEVEL = "-O";
				VALIDATE_PRODUCT = YES;
			};
			name = Release;
		};
		494E6C0B25D3CDD4009DE264 /* Debug */ = {
			isa = XCBuildConfiguration;
			baseConfigurationReference = 53424113AEFA8CF73568DBCE /* Pods-Kanna_05_Corona.debug.xcconfig */;
			buildSettings = {
				ASSETCATALOG_COMPILER_APPICON_NAME = AppIcon;
				ASSETCATALOG_COMPILER_GLOBAL_ACCENT_COLOR_NAME = AccentColor;
				CODE_SIGN_STYLE = Automatic;
				DEVELOPMENT_TEAM = GDKDK6KP5Z;
				INFOPLIST_FILE = Kanna_05_Corona/Info.plist;
				LD_RUNPATH_SEARCH_PATHS = (
					"$(inherited)",
					"@executable_path/Frameworks",
				);
				PRODUCT_BUNDLE_IDENTIFIER = "com.swiftlec.Kanna-05-Corona";
				PRODUCT_NAME = "$(TARGET_NAME)";
				SWIFT_VERSION = 5.0;
				TARGETED_DEVICE_FAMILY = 1;
			};
			name = Debug;
		};
		494E6C0C25D3CDD4009DE264 /* Release */ = {
			isa = XCBuildConfiguration;
			baseConfigurationReference = FF3C65214D07CEBD7196E084 /* Pods-Kanna_05_Corona.release.xcconfig */;
			buildSettings = {
				ASSETCATALOG_COMPILER_APPICON_NAME = AppIcon;
				ASSETCATALOG_COMPILER_GLOBAL_ACCENT_COLOR_NAME = AccentColor;
				CODE_SIGN_STYLE = Automatic;
				DEVELOPMENT_TEAM = GDKDK6KP5Z;
				INFOPLIST_FILE = Kanna_05_Corona/Info.plist;
				LD_RUNPATH_SEARCH_PATHS = (
					"$(inherited)",
					"@executable_path/Frameworks",
				);
				PRODUCT_BUNDLE_IDENTIFIER = "com.swiftlec.Kanna-05-Corona";
				PRODUCT_NAME = "$(TARGET_NAME)";
				SWIFT_VERSION = 5.0;
				TARGETED_DEVICE_FAMILY = 1;
			};
			name = Release;
		};
/* End XCBuildConfiguration section */

/* Begin XCConfigurationList section */
		494E6BF125D3CDD2009DE264 /* Build configuration list for PBXProject "Kanna_05_Corona" */ = {
			isa = XCConfigurationList;
			buildConfigurations = (
				494E6C0825D3CDD4009DE264 /* Debug */,
				494E6C0925D3CDD4009DE264 /* Release */,
			);
			defaultConfigurationIsVisible = 0;
			defaultConfigurationName = Release;
		};
		494E6C0A25D3CDD4009DE264 /* Build configuration list for PBXNativeTarget "Kanna_05_Corona" */ = {
			isa = XCConfigurationList;
			buildConfigurations = (
				494E6C0B25D3CDD4009DE264 /* Debug */,
				494E6C0C25D3CDD4009DE264 /* Release */,
			);
			defaultConfigurationIsVisible = 0;
			defaultConfigurationName = Release;
		};
/* End XCConfigurationList section */
	};
	rootObject = 494E6BEE25D3CDD2009DE264 /* Project object */;
}
